<?xml version="1.0" encoding="utf-8"?>
<Project ToolsVersion="4.0" xmlns="http://schemas.microsoft.com/developer/msbuild/2003">
  <ItemGroup>
    <Filter Include="Quelldateien">
      <UniqueIdentifier>{4FC737F1-C7A5-4376-A066-2A32D752A2FF}</UniqueIdentifier>
      <Extensions>cpp;c;cc;cxx;def;odl;idl;hpj;bat;asm;asmx</Extensions>
    </Filter>
    <Filter Include="Headerdateien">
      <UniqueIdentifier>{93995380-89BD-4b04-88EB-625FBE52EBFB}</UniqueIdentifier>
      <Extensions>h;hh;hpp;hxx;hm;inl;inc;xsd</Extensions>
    </Filter>
    <Filter Include="Ressourcendateien">
      <UniqueIdentifier>{67DA6AB6-F800-4c08-8B7A-83BB121AAD01}</UniqueIdentifier>
      <Extensions>rc;ico;cur;bmp;dlg;rc2;rct;bin;rgs;gif;jpg;jpeg;jpe;resx;tiff;tif;png;wav;mfcribbon-ms</Extensions>
    </Filter>
    <Filter Include="Headerdateien\Engine">
      <UniqueIdentifier>{92496a31-6a8e-456f-b4d5-6efc5b3ddf6a}</UniqueIdentifier>
    </Filter>
    <Filter Include="Quelldateien\Engine">
      <UniqueIdentifier>{7e68fd6d-5f94-4145-9d7f-088517343a9d}</UniqueIdentifier>
    </Filter>
  </ItemGroup>
  <ItemGroup>
    <Text Include="ReadMe.txt" />
  </ItemGroup>
  <ItemGroup>
    <ClCompile Include="LIB_CKTSDL.cpp">
      <Filter>Quelldateien</Filter>
    </ClCompile>
    <ClCompile Include="dllmain.cpp">
      <Filter>Quelldateien</Filter>
    </ClCompile>
    <ClCompile Include="Engine\Background.cpp">
      <Filter>Quelldateien\Engine</Filter>
    </ClCompile>
    <ClCompile Include="Engine\Cleanup.cpp">
      <Filter>Quelldateien\Engine</Filter>
    </ClCompile>
    <ClCompile Include="Engine\Clock.cpp">
      <Filter>Quelldateien\Engine</Filter>
    </ClCompile>
    <ClCompile Include="Engine\Collision.cpp">
      <Filter>Quelldateien\Engine</Filter>
    </ClCompile>
    <ClCompile Include="Engine\CollisionCircle.cpp">
      <Filter>Quelldateien\Engine</Filter>
    </ClCompile>
    <ClCompile Include="Engine\CollisionRect.cpp">
      <Filter>Quelldateien\Engine</Filter>
    </ClCompile>
    <ClCompile Include="Engine\Common.cpp">
      <Filter>Quelldateien\Engine</Filter>
    </ClCompile>
    <ClCompile Include="Engine\Entity.cpp">
      <Filter>Quelldateien\Engine</Filter>
    </ClCompile>
    <ClCompile Include="Engine\FontManager.cpp">
      <Filter>Quelldateien\Engine</Filter>
    </ClCompile>
    <ClCompile Include="Engine\GfxObject.cpp">
      <Filter>Quelldateien\Engine</Filter>
    </ClCompile>
    <ClCompile Include="Engine\Graphics.cpp">
      <Filter>Quelldateien\Engine</Filter>
    </ClCompile>
    <ClCompile Include="Engine\IniFileIO.cpp">
      <Filter>Quelldateien\Engine</Filter>
    </ClCompile>
    <ClCompile Include="Engine\MoveableObject.cpp">
      <Filter>Quelldateien\Engine</Filter>
    </ClCompile>
    <ClCompile Include="Engine\ObjectBase.cpp">
      <Filter>Quelldateien\Engine</Filter>
    </ClCompile>
    <ClCompile Include="Engine\Point2D.cpp">
      <Filter>Quelldateien\Engine</Filter>
    </ClCompile>
    <ClCompile Include="Engine\TextureManager.cpp">
      <Filter>Quelldateien\Engine</Filter>
    </ClCompile>
    <ClCompile Include="Engine\Timer.cpp">
      <Filter>Quelldateien\Engine</Filter>
    </ClCompile>
    <ClCompile Include="Engine\TimerOn.cpp">
      <Filter>Quelldateien\Engine</Filter>
    </ClCompile>
    <ClCompile Include="Engine\Util.cpp">
      <Filter>Quelldateien\Engine</Filter>
    </ClCompile>
    <ClCompile Include="Engine\Version.cpp">
      <Filter>Quelldateien\Engine</Filter>
    </ClCompile>
    <ClCompile Include="Engine\Color.cpp">
      <Filter>Quelldateien\Engine</Filter>
    </ClCompile>
  </ItemGroup>
  <ItemGroup>
    <ClInclude Include="LIB_CKTSDl_intern.h">
      <Filter>Headerdateien</Filter>
    </ClInclude>
    <ClInclude Include="Engine\Include\Background.h">
      <Filter>Headerdateien\Engine</Filter>
    </ClInclude>
    <ClInclude Include="Engine\Include\Cleanup.h">
      <Filter>Headerdateien\Engine</Filter>
    </ClInclude>
    <ClInclude Include="Engine\Include\Clock.h">
      <Filter>Headerdateien\Engine</Filter>
    </ClInclude>
    <ClInclude Include="Engine\Include\Collision.h">
      <Filter>Headerdateien\Engine</Filter>
    </ClInclude>
    <ClInclude Include="Engine\Include\CollisionCircle.h">
      <Filter>Headerdateien\Engine</Filter>
    </ClInclude>
    <ClInclude Include="Engine\Include\CollisionRect.h">
      <Filter>Headerdateien\Engine</Filter>
    </ClInclude>
    <ClInclude Include="Engine\Include\Common.h">
      <Filter>Headerdateien\Engine</Filter>
    </ClInclude>
    <ClInclude Include="Engine\Include\Entity.h">
      <Filter>Headerdateien\Engine</Filter>
    </ClInclude>
    <ClInclude Include="Engine\Include\FontManager.h">
      <Filter>Headerdateien\Engine</Filter>
    </ClInclude>
    <ClInclude Include="Engine\Include\GfxObject.h">
      <Filter>Headerdateien\Engine</Filter>
    </ClInclude>
    <ClInclude Include="Engine\Include\Graphics.h">
      <Filter>Headerdateien\Engine</Filter>
    </ClInclude>
    <ClInclude Include="Engine\Include\IniFileIO.h">
      <Filter>Headerdateien\Engine</Filter>
    </ClInclude>
    <ClInclude Include="Engine\Include\MoveableObject.h">
      <Filter>Headerdateien\Engine</Filter>
    </ClInclude>
    <ClInclude Include="Engine\Include\ObjectBase.h">
      <Filter>Headerdateien\Engine</Filter>
    </ClInclude>
    <ClInclude Include="Engine\Include\Point2D.h">
      <Filter>Headerdateien\Engine</Filter>
    </ClInclude>
    <ClInclude Include="Engine\Include\TextureManager.h">
      <Filter>Headerdateien\Engine</Filter>
    </ClInclude>
    <ClInclude Include="Engine\Include\Timer.h">
      <Filter>Headerdateien\Engine</Filter>
    </ClInclude>
    <ClInclude Include="Engine\Include\TimerOn.h">
      <Filter>Headerdateien\Engine</Filter>
    </ClInclude>
    <ClInclude Include="Engine\Include\Util.h">
      <Filter>Headerdateien\Engine</Filter>
    </ClInclude>
    <ClInclude Include="Engine\Include\Version.h">
      <Filter>Headerdateien\Engine</Filter>
    </ClInclude>
    <ClInclude Include="Engine\Include\Color.h">
      <Filter>Headerdateien\Engine</Filter>
    </ClInclude>
  </ItemGroup>
</Project>